
Microsoft Visual Studio Solution File, Format Version 12.00
# Visual Studio Version 17
VisualStudioVersion = 17.3.32929.385
MinimumVisualStudioVersion = 10.0.40219.1
Project("{FAE04EC0-301F-11D3-BF4B-00C04F79EFBC}") = "ConsoleTaskManager", "ConsoleTaskManager\ConsoleTaskManager.csproj", "{B62F744E-719C-4FE5-95CC-8837C73A1871}"
EndProject
Global
	GlobalSection(SolutionConfigurationPlatforms) = preSolution
		Debug|Any CPU = Debug|Any CPU
		Release|Any CPU = Release|Any CPU
	EndGlobalSection
	GlobalSection(ProjectConfigurationPlatforms) = postSolution
		{B62F744E-719C-4FE5-95CC-8837C73A1871}.Debug|Any CPU.ActiveCfg = Debug|Any CPU
		{B62F744E-719C-4FE5-95CC-8837C73A1871}.Debug|Any CPU.Build.0 = Debug|Any CPU
		{B62F744E-719C-4FE5-95CC-8837C73A1871}.Release|Any CPU.ActiveCfg = Release|Any CPU
		{B62F744E-719C-4FE5-95CC-8837C73A1871}.Release|Any CPU.Build.0 = Release|Any CPU
	EndGlobalSection
	GlobalSection(SolutionProperties) = preSolution
		HideSolutionNode = FALSE
	EndGlobalSection
	GlobalSection(ExtensibilityGlobals) = postSolution
		SolutionGuid = {6F38F066-F13B-429D-AF89-2FE63AB54990}
	EndGlobalSection
EndGlobal
